<?xml version="1.0" encoding="utf-8"?>
<Project ToolsVersion="4.0" xmlns="http://schemas.microsoft.com/developer/msbuild/2003">
  <ItemGroup>
    <Filter Include="Source Files">
      <UniqueIdentifier>{30553160-de78-45c2-9049-5ad69e12986b}</UniqueIdentifier>
      <Extensions>cpp;c;cxx;rc;def;r;odl;idl;hpj;bat</Extensions>
    </Filter>
    <Filter Include="Header Files">
      <UniqueIdentifier>{381dd1dd-e6fc-45f4-9ba1-989f84508aba}</UniqueIdentifier>
      <Extensions>h;hpp;hxx;hm;inl</Extensions>
    </Filter>
    <Filter Include="Resource Files">
      <UniqueIdentifier>{2ca1f1a5-5f9a-45f1-9305-85c57c22ce3f}</UniqueIdentifier>
      <Extensions>ico;cur;bmp;dlg;rc2;rct;bin;rgs;gif;jpg;jpeg;jpe</Extensions>
    </Filter>
  </ItemGroup>
  <ItemGroup>
    <ClCompile Include="cDlgMorphClose.cpp">
      <Filter>Source Files</Filter>
    </ClCompile>
    <ClCompile Include="cDlgMorphDilation.cpp">
      <Filter>Source Files</Filter>
    </ClCompile>
    <ClCompile Include="cDlgMorphErosion.cpp">
      <Filter>Source Files</Filter>
    </ClCompile>
    <ClCompile Include="cDlgMorphOpen.cpp">
      <Filter>Source Files</Filter>
    </ClCompile>
    <ClCompile Include="ch1_1.cpp">
      <Filter>Source Files</Filter>
    </ClCompile>
    <ClCompile Include="ch1_1Doc.cpp">
      <Filter>Source Files</Filter>
    </ClCompile>
    <ClCompile Include="ch1_1View.cpp">
      <Filter>Source Files</Filter>
    </ClCompile>
    <ClCompile Include="ChildFrm.cpp">
      <Filter>Source Files</Filter>
    </ClCompile>
    <ClCompile Include="detect.cpp">
      <Filter>Source Files</Filter>
    </ClCompile>
    <ClCompile Include="DIBAPI.CPP">
      <Filter>Source Files</Filter>
    </ClCompile>
    <ClCompile Include="DlgCodeGIF.cpp">
      <Filter>Source Files</Filter>
    </ClCompile>
    <ClCompile Include="DlgColor.cpp">
      <Filter>Source Files</Filter>
    </ClCompile>
    <ClCompile Include="DlgGeoRota.cpp">
      <Filter>Source Files</Filter>
    </ClCompile>
    <ClCompile Include="DlgGeoTran.cpp">
      <Filter>Source Files</Filter>
    </ClCompile>
    <ClCompile Include="DlgGeoZoom.cpp">
      <Filter>Source Files</Filter>
    </ClCompile>
    <ClCompile Include="DlgHuffman.cpp">
      <Filter>Source Files</Filter>
    </ClCompile>
    <ClCompile Include="DlgIntensity.cpp">
      <Filter>Source Files</Filter>
    </ClCompile>
    <ClCompile Include="DlgLinerPara.cpp">
      <Filter>Source Files</Filter>
    </ClCompile>
    <ClCompile Include="DlgMidFilter.cpp">
      <Filter>Source Files</Filter>
    </ClCompile>
    <ClCompile Include="DlgPointStre.cpp">
      <Filter>Source Files</Filter>
    </ClCompile>
    <ClCompile Include="DlgPointThre.cpp">
      <Filter>Source Files</Filter>
    </ClCompile>
    <ClCompile Include="DlgPointWin.cpp">
      <Filter>Source Files</Filter>
    </ClCompile>
    <ClCompile Include="DlgShannon.cpp">
      <Filter>Source Files</Filter>
    </ClCompile>
    <ClCompile Include="DlgSharpThre.cpp">
      <Filter>Source Files</Filter>
    </ClCompile>
    <ClCompile Include="DlgSmooth.cpp">
      <Filter>Source Files</Filter>
    </ClCompile>
    <ClCompile Include="edgecontour.cpp">
      <Filter>Source Files</Filter>
    </ClCompile>
    <ClCompile Include="FreTrans.cpp">
      <Filter>Source Files</Filter>
    </ClCompile>
    <ClCompile Include="geotrans.cpp">
      <Filter>Source Files</Filter>
    </ClCompile>
    <ClCompile Include="GIFAPI.CPP">
      <Filter>Source Files</Filter>
    </ClCompile>
    <ClCompile Include="MainFrm.cpp">
      <Filter>Source Files</Filter>
    </ClCompile>
    <ClCompile Include="morph.cpp">
      <Filter>Source Files</Filter>
    </ClCompile>
    <ClCompile Include="PointTrans.cpp">
      <Filter>Source Files</Filter>
    </ClCompile>
    <ClCompile Include="restore.cpp">
      <Filter>Source Files</Filter>
    </ClCompile>
    <ClCompile Include="StdAfx.cpp">
      <Filter>Source Files</Filter>
    </ClCompile>
    <ClCompile Include="TemplateTrans.cpp">
      <Filter>Source Files</Filter>
    </ClCompile>
  </ItemGroup>
  <ItemGroup>
    <ResourceCompile Include="ch1_1.rc">
      <Filter>Source Files</Filter>
    </ResourceCompile>
  </ItemGroup>
  <ItemGroup>
    <ClInclude Include="cDlgMorphClose.h">
      <Filter>Header Files</Filter>
    </ClInclude>
    <ClInclude Include="cDlgMorphDilation.h">
      <Filter>Header Files</Filter>
    </ClInclude>
    <ClInclude Include="cDlgMorphErosion.h">
      <Filter>Header Files</Filter>
    </ClInclude>
    <ClInclude Include="cDlgMorphOpen.h">
      <Filter>Header Files</Filter>
    </ClInclude>
    <ClInclude Include="ch1_1.h">
      <Filter>Header Files</Filter>
    </ClInclude>
    <ClInclude Include="ch1_1Doc.h">
      <Filter>Header Files</Filter>
    </ClInclude>
    <ClInclude Include="ch1_1View.h">
      <Filter>Header Files</Filter>
    </ClInclude>
    <ClInclude Include="ChildFrm.h">
      <Filter>Header Files</Filter>
    </ClInclude>
    <ClInclude Include="ColorTable.h">
      <Filter>Header Files</Filter>
    </ClInclude>
    <ClInclude Include="detect.h">
      <Filter>Header Files</Filter>
    </ClInclude>
    <ClInclude Include="DIBAPI.H">
      <Filter>Header Files</Filter>
    </ClInclude>
    <ClInclude Include="DlgCodeGIF.h">
      <Filter>Header Files</Filter>
    </ClInclude>
    <ClInclude Include="DlgColor.h">
      <Filter>Header Files</Filter>
    </ClInclude>
    <ClInclude Include="DlgGeoRota.h">
      <Filter>Header Files</Filter>
    </ClInclude>
    <ClInclude Include="DlgGeoTran.h">
      <Filter>Header Files</Filter>
    </ClInclude>
    <ClInclude Include="DlgGeoZoom.h">
      <Filter>Header Files</Filter>
    </ClInclude>
    <ClInclude Include="DlgHuffman.h">
      <Filter>Header Files</Filter>
    </ClInclude>
    <ClInclude Include="DlgIntensity.h">
      <Filter>Header Files</Filter>
    </ClInclude>
    <ClInclude Include="DlgLinerPara.h">
      <Filter>Header Files</Filter>
    </ClInclude>
    <ClInclude Include="DlgMidFilter.h">
      <Filter>Header Files</Filter>
    </ClInclude>
    <ClInclude Include="DlgPointStre.h">
      <Filter>Header Files</Filter>
    </ClInclude>
    <ClInclude Include="DlgPointThre.h">
      <Filter>Header Files</Filter>
    </ClInclude>
    <ClInclude Include="DlgPointWin.h">
      <Filter>Header Files</Filter>
    </ClInclude>
    <ClInclude Include="DlgShannon.h">
      <Filter>Header Files</Filter>
    </ClInclude>
    <ClInclude Include="DlgSharpThre.h">
      <Filter>Header Files</Filter>
    </ClInclude>
    <ClInclude Include="DlgSmooth.h">
      <Filter>Header Files</Filter>
    </ClInclude>
    <ClInclude Include="edgecontour.h">
      <Filter>Header Files</Filter>
    </ClInclude>
    <ClInclude Include="FreTrans.h">
      <Filter>Header Files</Filter>
    </ClInclude>
    <ClInclude Include="geotrans.h">
      <Filter>Header Files</Filter>
    </ClInclude>
    <ClInclude Include="GIFAPI.h">
      <Filter>Header Files</Filter>
    </ClInclude>
    <ClInclude Include="MainFrm.h">
      <Filter>Header Files</Filter>
    </ClInclude>
    <ClInclude Include="morph.h">
      <Filter>Header Files</Filter>
    </ClInclude>
    <ClInclude Include="PointTrans.h">
      <Filter>Header Files</Filter>
    </ClInclude>
    <ClInclude Include="Resource.h">
      <Filter>Header Files</Filter>
    </ClInclude>
    <ClInclude Include="restore.h">
      <Filter>Header Files</Filter>
    </ClInclude>
    <ClInclude Include="StdAfx.h">
      <Filter>Header Files</Filter>
    </ClInclude>
    <ClInclude Include="TemplateTrans.h">
      <Filter>Header Files</Filter>
    </ClInclude>
  </ItemGroup>
  <ItemGroup>
    <Image Include="res\ch1_1.ico">
      <Filter>Resource Files</Filter>
    </Image>
    <Image Include="res\ch1_1Doc.ico">
      <Filter>Resource Files</Filter>
    </Image>
    <Image Include="res\Toolbar.bmp">
      <Filter>Resource Files</Filter>
    </Image>
  </ItemGroup>
  <ItemGroup>
    <Text Include="ReadMe.txt" />
  </ItemGroup>
  <ItemGroup>
    <CustomBuild Include="res\ch1_1.rc2">
      <Filter>Resource Files</Filter>
    </CustomBuild>
  </ItemGroup>
</Project>